
Microsoft Visual Studio Solution File, Format Version 12.00
# Visual Studio 15
VisualStudioVersion = 15.0.28307.572
MinimumVisualStudioVersion = 10.0.40219.1
Project("{FAE04EC0-301F-11D3-BF4B-00C04F79EFBC}") = "TwilioAPI-WhatsApp", "TwilioAPI-WhatsApp\TwilioAPI-WhatsApp.csproj", "{AF9E1693-8F5C-4202-97DD-20FB6883F7FC}"
EndProject
Global
	GlobalSection(SolutionConfigurationPlatforms) = preSolution
		Debug|Any CPU = Debug|Any CPU
		Release|Any CPU = Release|Any CPU
	EndGlobalSection
	GlobalSection(ProjectConfigurationPlatforms) = postSolution
		{AF9E1693-8F5C-4202-97DD-20FB6883F7FC}.Debug|Any CPU.ActiveCfg = Debug|Any CPU
		{AF9E1693-8F5C-4202-97DD-20FB6883F7FC}.Debug|Any CPU.Build.0 = Debug|Any CPU
		{AF9E1693-8F5C-4202-97DD-20FB6883F7FC}.Release|Any CPU.ActiveCfg = Release|Any CPU
		{AF9E1693-8F5C-4202-97DD-20FB6883F7FC}.Release|Any CPU.Build.0 = Release|Any CPU
	EndGlobalSection
	GlobalSection(SolutionProperties) = preSolution
		HideSolutionNode = FALSE
	EndGlobalSection
	GlobalSection(ExtensibilityGlobals) = postSolution
		SolutionGuid = {9FF26C17-7E11-4E39-838F-AF816A9C1080}
	EndGlobalSection
EndGlobal
